
Microsoft Visual Studio Solution File, Format Version 12.00
# Visual Studio Version 16
VisualStudioVersion = 16.0.31321.278
MinimumVisualStudioVersion = 10.0.40219.1
Project("{FAE04EC0-301F-11D3-BF4B-00C04F79EFBC}") = "WorkLast", "WorkLast\WorkLast.csproj", "{7A7F5564-63F8-4CBC-AD6E-33740366FE7C}"
EndProject
Project("{FAE04EC0-301F-11D3-BF4B-00C04F79EFBC}") = "Entities", "Entities\Entities.csproj", "{08B8281D-460A-4C54-B60E-D0A9ACCE6CC4}"
EndProject
Project("{FAE04EC0-301F-11D3-BF4B-00C04F79EFBC}") = "Business", "Business\Business.csproj", "{34DA683D-6F64-4470-8086-F7E23039779F}"
EndProject
Global
	GlobalSection(SolutionConfigurationPlatforms) = preSolution
		Debug|Any CPU = Debug|Any CPU
		Release|Any CPU = Release|Any CPU
	EndGlobalSection
	GlobalSection(ProjectConfigurationPlatforms) = postSolution
		{7A7F5564-63F8-4CBC-AD6E-33740366FE7C}.Debug|Any CPU.ActiveCfg = Debug|Any CPU
		{7A7F5564-63F8-4CBC-AD6E-33740366FE7C}.Debug|Any CPU.Build.0 = Debug|Any CPU
		{7A7F5564-63F8-4CBC-AD6E-33740366FE7C}.Release|Any CPU.ActiveCfg = Release|Any CPU
		{7A7F5564-63F8-4CBC-AD6E-33740366FE7C}.Release|Any CPU.Build.0 = Release|Any CPU
		{08B8281D-460A-4C54-B60E-D0A9ACCE6CC4}.Debug|Any CPU.ActiveCfg = Debug|Any CPU
		{08B8281D-460A-4C54-B60E-D0A9ACCE6CC4}.Debug|Any CPU.Build.0 = Debug|Any CPU
		{08B8281D-460A-4C54-B60E-D0A9ACCE6CC4}.Release|Any CPU.ActiveCfg = Release|Any CPU
		{08B8281D-460A-4C54-B60E-D0A9ACCE6CC4}.Release|Any CPU.Build.0 = Release|Any CPU
		{34DA683D-6F64-4470-8086-F7E23039779F}.Debug|Any CPU.ActiveCfg = Debug|Any CPU
		{34DA683D-6F64-4470-8086-F7E23039779F}.Debug|Any CPU.Build.0 = Debug|Any CPU
		{34DA683D-6F64-4470-8086-F7E23039779F}.Release|Any CPU.ActiveCfg = Release|Any CPU
		{34DA683D-6F64-4470-8086-F7E23039779F}.Release|Any CPU.Build.0 = Release|Any CPU
	EndGlobalSection
	GlobalSection(SolutionProperties) = preSolution
		HideSolutionNode = FALSE
	EndGlobalSection
	GlobalSection(ExtensibilityGlobals) = postSolution
		SolutionGuid = {E99D109D-34B3-478D-8F6D-8D84F64C1865}
	EndGlobalSection
EndGlobal
